
Microsoft Visual Studio Solution File, Format Version 12.00
# Visual Studio Version 16
VisualStudioVersion = 16.0.30621.155
MinimumVisualStudioVersion = 10.0.40219.1
Project("{FAE04EC0-301F-11D3-BF4B-00C04F79EFBC}") = "Macchine_V.2", "Macchine_V.2.csproj", "{2AD67782-FFAA-4D78-9FC4-BDC2B9D8F44B}"
EndProject
Global
	GlobalSection(SolutionConfigurationPlatforms) = preSolution
		Debug|Any CPU = Debug|Any CPU
		Release|Any CPU = Release|Any CPU
	EndGlobalSection
	GlobalSection(ProjectConfigurationPlatforms) = postSolution
		{2AD67782-FFAA-4D78-9FC4-BDC2B9D8F44B}.Debug|Any CPU.ActiveCfg = Debug|Any CPU
		{2AD67782-FFAA-4D78-9FC4-BDC2B9D8F44B}.Debug|Any CPU.Build.0 = Debug|Any CPU
		{2AD67782-FFAA-4D78-9FC4-BDC2B9D8F44B}.Release|Any CPU.ActiveCfg = Release|Any CPU
		{2AD67782-FFAA-4D78-9FC4-BDC2B9D8F44B}.Release|Any CPU.Build.0 = Release|Any CPU
	EndGlobalSection
	GlobalSection(SolutionProperties) = preSolution
		HideSolutionNode = FALSE
	EndGlobalSection
	GlobalSection(ExtensibilityGlobals) = postSolution
		SolutionGuid = {23356F49-2855-4267-A678-6A0F9649A831}
	EndGlobalSection
EndGlobal
